github.com/prometheus/common v0.39.0 h1:oOyhkDq05hPZKItWVBkJ6g6AtGxi+fy7F4JvUV8uhsI=
github.com/prometheus/common v0.39.0/go.mod h1:6XBZ7lYdLCbkAVhwRsWTZn+IN5AB9F/NXd5w0BbEX0Y=
github.com/prometheus/prometheus v0.41.0 h1:+QR4QpzwE54zsKk2K7EUkof3tHxa3b/fyw7xJ4jR1Ns=
github.com/prometheus/prometheus v0.41.0/go.mod h1:Uu5817xm7ibU/VaDZ9pu1ssGzcpO9Bd+LyoZ76RpHyo=
gopkg.in/check.v1 v0.0.0-20161208181325-20d25e280405/go.mod h1:Co6ibVJAznAaIkqp8huTwlJQCZ016jof/cbN4VW5Yz0=
gopkg.in/yaml.v3 v3.0.1 h1:fxVm/GzAzEWqLHuvctI91KS9hhNmmWOoWu0XTYJS7CA=
gopkg.in/yaml.v3 v3.0.1/go.mod h1:K4uyk7z7BCEPqu6E+C64Yfv1cQ7kz7rIZviUmN+EgEM=
